{
  "version": "5",
  "specifiers": {
    "jsr:@hono/hono@^4.9.5": "4.9.5",
    "jsr:@zod/zod@^4.1.5": "4.1.5",
    "npm:@types/node@*": "24.2.0"
  },
  "jsr": {
    "@hono/hono@4.9.5": {
      "integrity": "9979382257287abb33e98893247a97660adc0a9239cf37d57e207e3592040a96"
    },
    "@zod/zod@4.1.5": {
      "integrity": "e995ca7d588a835ce333de626c940e242c55b6763c5190e8cbb9fefb7d0fb4ef"
    }
  },
  "npm": {
    "@types/node@24.2.0": {
      "integrity": "sha512-3xyG3pMCq3oYCNg7/ZP+E1ooTaGB4cG8JWRsqqOYQdbWNY4zbaV0Ennrd7stjiJEFZCaybcIgpTjJWHRfBSIDw==",
      "dependencies": [
        "undici-types"
      ]
    },
    "undici-types@7.10.0": {
      "integrity": "sha512-t5Fy/nfn+14LuOc2KNYg75vZqClpAiqscVvMygNnlsHBFpSXdJaYtXMcdNLpl/Qvc3P2cB3s6lOV51nqsFq4ag=="
    }
  },
  "workspace": {
    "dependencies": [
      "jsr:@hono/hono@^4.9.5",
      "jsr:@zod/zod@^4.1.5"
    ]
  }
}
